
Microsoft Visual Studio Solution File, Format Version 12.00
# Visual Studio 15
VisualStudioVersion = 15.0.26228.9
MinimumVisualStudioVersion = 10.0.40219.1
Project("{F184B08F-C81C-45F6-A57F-5ABD9991F28F}") = "Crowbar", "Crowbar\Crowbar.vbproj", "{4D38CC05-8BDE-4A02-8FE9-3261938CE30A}"
EndProject
Project("{F184B08F-C81C-45F6-A57F-5ABD9991F28F}") = "CrowbarSteamPipe", "CrowbarSteamPipe\CrowbarSteamPipe.vbproj", "{729BCD31-F9F3-4947-ABEE-8F09CEF104FF}"
EndProject
Project("{2150E333-8FDC-42A3-9474-1A3956D46DE8}") = "Libraries", "Libraries", "{0AA7DCA0-0146-4CD8-85EB-262CB1D825CE}"
EndProject
Project("{F184B08F-C81C-45F6-A57F-5ABD9991F28F}") = "Crowbar.Core", "Libraries\Crowbar.Core\Crowbar.Core.vbproj", "{8B75BB6E-31E7-4326-978A-A934F51A0772}"
EndProject
Project("{FAE04EC0-301F-11D3-BF4B-00C04F79EFBC}") = "TodoRemove", "Libraries\TodoRemove\TodoRemove.csproj", "{90EC4240-F882-47C1-8E1A-A9BF656198F0}"
EndProject
Global
	GlobalSection(SolutionConfigurationPlatforms) = preSolution
		Debug|Any CPU = Debug|Any CPU
		Debug|x86 = Debug|x86
		Release|Any CPU = Release|Any CPU
		Release|x86 = Release|x86
	EndGlobalSection
	GlobalSection(ProjectConfigurationPlatforms) = postSolution
		{4D38CC05-8BDE-4A02-8FE9-3261938CE30A}.Debug|Any CPU.ActiveCfg = Debug|Any CPU
		{4D38CC05-8BDE-4A02-8FE9-3261938CE30A}.Debug|Any CPU.Build.0 = Debug|Any CPU
		{4D38CC05-8BDE-4A02-8FE9-3261938CE30A}.Debug|x86.ActiveCfg = Debug|Any CPU
		{4D38CC05-8BDE-4A02-8FE9-3261938CE30A}.Debug|x86.Build.0 = Debug|Any CPU
		{4D38CC05-8BDE-4A02-8FE9-3261938CE30A}.Release|Any CPU.ActiveCfg = Release|Any CPU
		{4D38CC05-8BDE-4A02-8FE9-3261938CE30A}.Release|Any CPU.Build.0 = Release|Any CPU
		{4D38CC05-8BDE-4A02-8FE9-3261938CE30A}.Release|x86.ActiveCfg = Release|Any CPU
		{4D38CC05-8BDE-4A02-8FE9-3261938CE30A}.Release|x86.Build.0 = Release|Any CPU
		{729BCD31-F9F3-4947-ABEE-8F09CEF104FF}.Debug|Any CPU.ActiveCfg = Debug|Any CPU
		{729BCD31-F9F3-4947-ABEE-8F09CEF104FF}.Debug|Any CPU.Build.0 = Debug|Any CPU
		{729BCD31-F9F3-4947-ABEE-8F09CEF104FF}.Debug|x86.ActiveCfg = Debug|Any CPU
		{729BCD31-F9F3-4947-ABEE-8F09CEF104FF}.Debug|x86.Build.0 = Debug|Any CPU
		{729BCD31-F9F3-4947-ABEE-8F09CEF104FF}.Release|Any CPU.ActiveCfg = Release|Any CPU
		{729BCD31-F9F3-4947-ABEE-8F09CEF104FF}.Release|Any CPU.Build.0 = Release|Any CPU
		{729BCD31-F9F3-4947-ABEE-8F09CEF104FF}.Release|x86.ActiveCfg = Release|Any CPU
		{729BCD31-F9F3-4947-ABEE-8F09CEF104FF}.Release|x86.Build.0 = Release|Any CPU
		{8B75BB6E-31E7-4326-978A-A934F51A0772}.Debug|Any CPU.ActiveCfg = Debug|Any CPU
		{8B75BB6E-31E7-4326-978A-A934F51A0772}.Debug|Any CPU.Build.0 = Debug|Any CPU
		{8B75BB6E-31E7-4326-978A-A934F51A0772}.Debug|x86.ActiveCfg = Debug|Any CPU
		{8B75BB6E-31E7-4326-978A-A934F51A0772}.Debug|x86.Build.0 = Debug|Any CPU
		{8B75BB6E-31E7-4326-978A-A934F51A0772}.Release|Any CPU.ActiveCfg = Release|Any CPU
		{8B75BB6E-31E7-4326-978A-A934F51A0772}.Release|Any CPU.Build.0 = Release|Any CPU
		{8B75BB6E-31E7-4326-978A-A934F51A0772}.Release|x86.ActiveCfg = Release|Any CPU
		{8B75BB6E-31E7-4326-978A-A934F51A0772}.Release|x86.Build.0 = Release|Any CPU
		{90EC4240-F882-47C1-8E1A-A9BF656198F0}.Debug|Any CPU.ActiveCfg = Debug|Any CPU
		{90EC4240-F882-47C1-8E1A-A9BF656198F0}.Debug|Any CPU.Build.0 = Debug|Any CPU
		{90EC4240-F882-47C1-8E1A-A9BF656198F0}.Debug|x86.ActiveCfg = Debug|Any CPU
		{90EC4240-F882-47C1-8E1A-A9BF656198F0}.Debug|x86.Build.0 = Debug|Any CPU
		{90EC4240-F882-47C1-8E1A-A9BF656198F0}.Release|Any CPU.ActiveCfg = Release|Any CPU
		{90EC4240-F882-47C1-8E1A-A9BF656198F0}.Release|Any CPU.Build.0 = Release|Any CPU
		{90EC4240-F882-47C1-8E1A-A9BF656198F0}.Release|x86.ActiveCfg = Release|Any CPU
		{90EC4240-F882-47C1-8E1A-A9BF656198F0}.Release|x86.Build.0 = Release|Any CPU
	EndGlobalSection
	GlobalSection(SolutionProperties) = preSolution
		HideSolutionNode = FALSE
	EndGlobalSection
	GlobalSection(ExtensibilityGlobals) = postSolution
		SolutionGuid = {554572F2-842E-44A4-9F56-F1684B016632}
	EndGlobalSection
	GlobalSection(NestedProjects) = preSolution
		{8B75BB6E-31E7-4326-978A-A934F51A0772} = {0AA7DCA0-0146-4CD8-85EB-262CB1D825CE}
		{90EC4240-F882-47C1-8E1A-A9BF656198F0} = {0AA7DCA0-0146-4CD8-85EB-262CB1D825CE}
	EndGlobalSection
EndGlobal
